# This file is automatically @generated by Cargo.
# It is not intended for manual editing.
version = 4

[[package]]
name = "nagi-surface"
version = "0.1.0"
dependencies = [
 "nagi-text",
 "nagi-vt",
]

[[package]]
name = "nagi-text"
version = "0.1.0"

[[package]]
name = "nagi-tui"
version = "0.1.0"
dependencies = [
 "nagi-surface",
 "nagi-text",
 "nagi-vt",
]

[[package]]
name = "nagi-tui-test"
version = "0.1.0"
dependencies = [
 "nagi-surface",
 "nagi-tui",
]

[[package]]
name = "nagi-tui-widgets"
version = "0.1.0"
dependencies = [
 "nagi-text",
 "nagi-tui",
]

[[package]]
name = "nagi-unicode-gen"
version = "0.1.0"

[[package]]
name = "nagi-vt"
version = "0.1.0"
